
Microsoft Visual Studio Solution File, Format Version 12.00
# Visual Studio 15
VisualStudioVersion = 15.0.26430.15
MinimumVisualStudioVersion = 10.0.40219.1
Project("{FAE04EC0-301F-11D3-BF4B-00C04F79EFBC}") = "ReactDemo", "ReactDemo\ReactDemo.csproj", "{AE069DF5-39E5-4C63-9B32-603A71E5DCEB}"
EndProject
Global
	GlobalSection(SolutionConfigurationPlatforms) = preSolution
		Debug|Any CPU = Debug|Any CPU
		Release|Any CPU = Release|Any CPU
	EndGlobalSection
	GlobalSection(ProjectConfigurationPlatforms) = postSolution
		{AE069DF5-39E5-4C63-9B32-603A71E5DCEB}.Debug|Any CPU.ActiveCfg = Debug|Any CPU
		{AE069DF5-39E5-4C63-9B32-603A71E5DCEB}.Debug|Any CPU.Build.0 = Debug|Any CPU
		{AE069DF5-39E5-4C63-9B32-603A71E5DCEB}.Release|Any CPU.ActiveCfg = Release|Any CPU
		{AE069DF5-39E5-4C63-9B32-603A71E5DCEB}.Release|Any CPU.Build.0 = Release|Any CPU
	EndGlobalSection
	GlobalSection(SolutionProperties) = preSolution
		HideSolutionNode = FALSE
	EndGlobalSection
EndGlobal
